
Microsoft Visual Studio Solution File, Format Version 12.00
# Visual Studio 2013
Project("{8BC9CEB8-8B4A-11D0-8D11-00A0C91BC942}") = "LeapCodeExample", "Intermediate\ProjectFiles\LeapCodeExample.vcxproj", "{FBDE89D5-E3B4-4619-B197-C86DC8C7C4CF}"
	ProjectSection(ProjectDependencies) = postProject
	EndProjectSection
EndProject
Global
	GlobalSection(SolutionConfigurationPlatforms) = preSolution
		DebugGame Editor|Windows = DebugGame Editor|Windows
		DebugGame|Windows = DebugGame|Windows
		Development Editor|Windows = Development Editor|Windows
		Development|Windows = Development|Windows
		Shipping|Windows = Shipping|Windows
	EndGlobalSection
	GlobalSection(ProjectConfigurationPlatforms) = postSolution
		{FBDE89D5-E3B4-4619-B197-C86DC8C7C4CF}.DebugGame Editor|Windows.ActiveCfg = DebugGame_Editor|x64
		{FBDE89D5-E3B4-4619-B197-C86DC8C7C4CF}.DebugGame Editor|Windows.Build.0 = DebugGame_Editor|x64
		{FBDE89D5-E3B4-4619-B197-C86DC8C7C4CF}.DebugGame|Windows.ActiveCfg = DebugGame_Game|x64
		{FBDE89D5-E3B4-4619-B197-C86DC8C7C4CF}.DebugGame|Windows.Build.0 = DebugGame_Game|x64
		{FBDE89D5-E3B4-4619-B197-C86DC8C7C4CF}.Development Editor|Windows.ActiveCfg = Development_Editor|x64
		{FBDE89D5-E3B4-4619-B197-C86DC8C7C4CF}.Development Editor|Windows.Build.0 = Development_Editor|x64
		{FBDE89D5-E3B4-4619-B197-C86DC8C7C4CF}.Development|Windows.ActiveCfg = Development_Game|x64
		{FBDE89D5-E3B4-4619-B197-C86DC8C7C4CF}.Development|Windows.Build.0 = Development_Game|x64
		{FBDE89D5-E3B4-4619-B197-C86DC8C7C4CF}.Shipping|Windows.ActiveCfg = Shipping_Game|Win32
		{FBDE89D5-E3B4-4619-B197-C86DC8C7C4CF}.Shipping|Windows.Build.0 = Shipping_Game|Win32
	EndGlobalSection
	GlobalSection(SolutionProperties) = preSolution
		HideSolutionNode = FALSE
	EndGlobalSection
	GlobalSection(NestedProjects) = preSolution
	EndGlobalSection
EndGlobal
